schema: '2.0'
stages:
  data_ingestion:
    cmd: python src/data/data_ingestion.py
    deps:
    - path: src/data/data_ingestion.py
      hash: md5
      md5: 36a3daade1b3758a077981f68a85da97
      size: 4221
    params:
      params.yaml:
        data_ingestion.test_size: 0.27
    outs:
    - path: data/raw
      hash: md5
      md5: 907bbdbf2d2416c7dce913df7e22f529.dir
      size: 6882906
      nfiles: 2
  data_preprocessing:
    cmd: python src/data/data_preprocessing.py
    deps:
    - path: data/raw/test.csv
      hash: md5
      md5: f19f93a397c37ebdcc7ae96ff28277cf
      size: 1806488
    - path: data/raw/train.csv
      hash: md5
      md5: 8889fc70bfbfb20f9bf702d11711dae1
      size: 5076418
    - path: src/data/data_preprocessing.py
      hash: md5
      md5: 0caf3d4322a07e68476124fa3cd75e24
      size: 3747
    outs:
    - path: data/interim
      hash: md5
      md5: 6e2ed0968852bef295549ae0ab5a4015.dir
      size: 5095933
      nfiles: 2
  model_building:
    cmd: python src/model/model_building.py
    deps:
    - path: data/interim/train_processed.csv
      hash: md5
      md5: 3e469f920a2e5a2e2978343c3f06daf4
      size: 3757996
    - path: src/model/model_building.py
      hash: md5
      md5: 9a4cc00245a10b734ccedce855755f8c
      size: 5504
    params:
      params.yaml:
        model_building.learning_rate: 0.08
        model_building.max_depth: 20
        model_building.max_features: 10000
        model_building.n_estimators: 367
        model_building.ngram_range:
        - 1
        - 3
    outs:
    - path: lgbm_model.pkl
      hash: md5
      md5: 2be814c950e406fcc43547e72a5fc538
      size: 4091498
    - path: tfidf_vectorizer.pkl
      hash: md5
      md5: c877ada126a4548f8a0b2439d9cc9e04
      size: 383916
  model_evaluation:
    cmd: python src/model/model_evaluation.py
    deps:
    - path: data/interim/test_processed.csv
      hash: md5
      md5: 58be170a7a4e561880878dea9149da87
      size: 1337937
    - path: data/interim/train_processed.csv
      hash: md5
      md5: 3e469f920a2e5a2e2978343c3f06daf4
      size: 3757996
    - path: lgbm_model.pkl
      hash: md5
      md5: 2be814c950e406fcc43547e72a5fc538
      size: 4091498
    - path: src/model/model_evaluation.py
      hash: md5
      md5: 45f128e25b6e0d0e0d325506678c91ec
      size: 7120
    - path: tfidf_vectorizer.pkl
      hash: md5
      md5: c877ada126a4548f8a0b2439d9cc9e04
      size: 383916
    outs:
    - path: experiment_info.json
      hash: md5
      md5: 1373031316c27695b449398111e02a41
      size: 84
  model_registration:
    cmd: python src/model/register_model.py
    deps:
    - path: experiment_info.json
      hash: md5
      md5: 1373031316c27695b449398111e02a41
      size: 84
    - path: src/model/register_model.py
      hash: md5
      md5: 80c41a36300b880fca869cf13c51a114
      size: 2400
